
Microsoft Visual Studio Solution File, Format Version 12.00
# Visual Studio 15
VisualStudioVersion = 15.0.28307.779
MinimumVisualStudioVersion = 10.0.40219.1
Project("{FAE04EC0-301F-11D3-BF4B-00C04F79EFBC}") = "ICafe", "ICafe\ICafe.csproj", "{BEAD572F-F720-4834-9217-B5869DF7ED03}"
EndProject
Project("{FAE04EC0-301F-11D3-BF4B-00C04F79EFBC}") = "ICafeUI", "ICafeUI\ICafeUI.csproj", "{35B0A2CC-04E5-4020-A728-CD5D3FB6F1DE}"
EndProject
Project("{8BC9CEB8-8B4A-11D0-8D11-00A0C91BC942}") = "Engine", "Engine\Engine.vcxproj", "{53E3CFCC-D1BE-4D7A-BABC-849BB9E24EE7}"
EndProject
Global
	GlobalSection(SolutionConfigurationPlatforms) = preSolution
		Debug|Any CPU = Debug|Any CPU
		Debug|x64 = Debug|x64
		Debug|x86 = Debug|x86
		Release|Any CPU = Release|Any CPU
		Release|x64 = Release|x64
		Release|x86 = Release|x86
	EndGlobalSection
	GlobalSection(ProjectConfigurationPlatforms) = postSolution
		{BEAD572F-F720-4834-9217-B5869DF7ED03}.Debug|Any CPU.ActiveCfg = Debug|Any CPU
		{BEAD572F-F720-4834-9217-B5869DF7ED03}.Debug|Any CPU.Build.0 = Debug|Any CPU
		{BEAD572F-F720-4834-9217-B5869DF7ED03}.Debug|x64.ActiveCfg = Debug|Any CPU
		{BEAD572F-F720-4834-9217-B5869DF7ED03}.Debug|x64.Build.0 = Debug|Any CPU
		{BEAD572F-F720-4834-9217-B5869DF7ED03}.Debug|x86.ActiveCfg = Debug|Any CPU
		{BEAD572F-F720-4834-9217-B5869DF7ED03}.Debug|x86.Build.0 = Debug|Any CPU
		{BEAD572F-F720-4834-9217-B5869DF7ED03}.Release|Any CPU.ActiveCfg = Release|Any CPU
		{BEAD572F-F720-4834-9217-B5869DF7ED03}.Release|Any CPU.Build.0 = Release|Any CPU
		{BEAD572F-F720-4834-9217-B5869DF7ED03}.Release|x64.ActiveCfg = Release|Any CPU
		{BEAD572F-F720-4834-9217-B5869DF7ED03}.Release|x64.Build.0 = Release|Any CPU
		{BEAD572F-F720-4834-9217-B5869DF7ED03}.Release|x86.ActiveCfg = Release|Any CPU
		{BEAD572F-F720-4834-9217-B5869DF7ED03}.Release|x86.Build.0 = Release|Any CPU
		{35B0A2CC-04E5-4020-A728-CD5D3FB6F1DE}.Debug|Any CPU.ActiveCfg = Debug|Any CPU
		{35B0A2CC-04E5-4020-A728-CD5D3FB6F1DE}.Debug|Any CPU.Build.0 = Debug|Any CPU
		{35B0A2CC-04E5-4020-A728-CD5D3FB6F1DE}.Debug|x64.ActiveCfg = Debug|Any CPU
		{35B0A2CC-04E5-4020-A728-CD5D3FB6F1DE}.Debug|x64.Build.0 = Debug|Any CPU
		{35B0A2CC-04E5-4020-A728-CD5D3FB6F1DE}.Debug|x86.ActiveCfg = Debug|Any CPU
		{35B0A2CC-04E5-4020-A728-CD5D3FB6F1DE}.Debug|x86.Build.0 = Debug|Any CPU
		{35B0A2CC-04E5-4020-A728-CD5D3FB6F1DE}.Release|Any CPU.ActiveCfg = Release|Any CPU
		{35B0A2CC-04E5-4020-A728-CD5D3FB6F1DE}.Release|Any CPU.Build.0 = Release|Any CPU
		{35B0A2CC-04E5-4020-A728-CD5D3FB6F1DE}.Release|x64.ActiveCfg = Release|Any CPU
		{35B0A2CC-04E5-4020-A728-CD5D3FB6F1DE}.Release|x64.Build.0 = Release|Any CPU
		{35B0A2CC-04E5-4020-A728-CD5D3FB6F1DE}.Release|x86.ActiveCfg = Release|Any CPU
		{35B0A2CC-04E5-4020-A728-CD5D3FB6F1DE}.Release|x86.Build.0 = Release|Any CPU
		{53E3CFCC-D1BE-4D7A-BABC-849BB9E24EE7}.Debug|Any CPU.ActiveCfg = Debug|Win32
		{53E3CFCC-D1BE-4D7A-BABC-849BB9E24EE7}.Debug|x64.ActiveCfg = Debug|x64
		{53E3CFCC-D1BE-4D7A-BABC-849BB9E24EE7}.Debug|x64.Build.0 = Debug|x64
		{53E3CFCC-D1BE-4D7A-BABC-849BB9E24EE7}.Debug|x86.ActiveCfg = Debug|Win32
		{53E3CFCC-D1BE-4D7A-BABC-849BB9E24EE7}.Debug|x86.Build.0 = Debug|Win32
		{53E3CFCC-D1BE-4D7A-BABC-849BB9E24EE7}.Release|Any CPU.ActiveCfg = Release|Win32
		{53E3CFCC-D1BE-4D7A-BABC-849BB9E24EE7}.Release|x64.ActiveCfg = Release|x64
		{53E3CFCC-D1BE-4D7A-BABC-849BB9E24EE7}.Release|x64.Build.0 = Release|x64
		{53E3CFCC-D1BE-4D7A-BABC-849BB9E24EE7}.Release|x86.ActiveCfg = Release|Win32
		{53E3CFCC-D1BE-4D7A-BABC-849BB9E24EE7}.Release|x86.Build.0 = Release|Win32
	EndGlobalSection
	GlobalSection(SolutionProperties) = preSolution
		HideSolutionNode = FALSE
	EndGlobalSection
	GlobalSection(ExtensibilityGlobals) = postSolution
		SolutionGuid = {00239ECF-A2A7-4C90-9BA6-29230E011298}
	EndGlobalSection
EndGlobal
