<?xml version="1.0" encoding="utf-8"?>
<Project ToolsVersion="4.0" xmlns="http://schemas.microsoft.com/developer/msbuild/2003">
  <ItemGroup>
    <Filter Include="File di origine">
      <UniqueIdentifier>{4FC737F1-C7A5-4376-A066-2A32D752A2FF}</UniqueIdentifier>
      <Extensions>cpp;c;cc;cxx;def;odl;idl;hpj;bat;asm;asmx</Extensions>
    </Filter>
    <Filter Include="File di intestazione">
      <UniqueIdentifier>{93995380-89BD-4b04-88EB-625FBE52EBFB}</UniqueIdentifier>
      <Extensions>h;hh;hpp;hxx;hm;inl;inc;ipp;xsd</Extensions>
    </Filter>
    <Filter Include="File di risorse">
      <UniqueIdentifier>{67DA6AB6-F800-4c08-8B7A-83BB121AAD01}</UniqueIdentifier>
      <Extensions>rc;ico;cur;bmp;dlg;rc2;rct;bin;rgs;gif;jpg;jpeg;jpe;resx;tiff;tif;png;wav;mfcribbon-ms</Extensions>
    </Filter>
    <Filter Include="Shaders">
      <UniqueIdentifier>{a3a40ddf-e9df-4fe2-a102-67b40ad502c1}</UniqueIdentifier>
    </Filter>
  </ItemGroup>
  <ItemGroup>
    <ClCompile Include="Engine.cpp">
      <Filter>File di origine</Filter>
    </ClCompile>
  </ItemGroup>
  <ItemGroup>
    <ClInclude Include="Adapter.h">
      <Filter>File di intestazione</Filter>
    </ClInclude>
    <ClInclude Include="Core.h">
      <Filter>File di intestazione</Filter>
    </ClInclude>
    <ClInclude Include="DX.h">
      <Filter>File di intestazione</Filter>
    </ClInclude>
    <ClInclude Include="Device.h">
      <Filter>File di intestazione</Filter>
    </ClInclude>
    <ClInclude Include="Window.h">
      <Filter>File di intestazione</Filter>
    </ClInclude>
    <ClInclude Include="Texture.h">
      <Filter>File di intestazione</Filter>
    </ClInclude>
    <ClInclude Include="DepthTarget.h">
      <Filter>File di intestazione</Filter>
    </ClInclude>
    <ClInclude Include="RenderTarget.h">
      <Filter>File di intestazione</Filter>
    </ClInclude>
    <ClInclude Include="GPUBuffer.h">
      <Filter>File di intestazione</Filter>
    </ClInclude>
    <ClInclude Include="GPUConstBuffer.h">
      <Filter>File di intestazione</Filter>
    </ClInclude>
    <ClInclude Include="Mesh.h">
      <Filter>File di intestazione</Filter>
    </ClInclude>
    <ClInclude Include="ShaderObject.h">
      <Filter>File di intestazione</Filter>
    </ClInclude>
    <ClInclude Include="VertexShader.h">
      <Filter>File di intestazione</Filter>
    </ClInclude>
    <ClInclude Include="PixelShader.h">
      <Filter>File di intestazione</Filter>
    </ClInclude>
    <ClInclude Include="View.h">
      <Filter>File di intestazione</Filter>
    </ClInclude>
    <ClInclude Include="ICafe.h">
      <Filter>File di intestazione</Filter>
    </ClInclude>
    <ClInclude Include="EffectBuffer.h">
      <Filter>File di intestazione</Filter>
    </ClInclude>
    <ClInclude Include="RenderData.h">
      <Filter>File di intestazione</Filter>
    </ClInclude>
    <ClInclude Include="ShaderBuffer.h">
      <Filter>File di intestazione</Filter>
    </ClInclude>
  </ItemGroup>
  <ItemGroup>
    <FxCompile Include="Shader_Test.hlsl">
      <Filter>Shaders</Filter>
    </FxCompile>
    <FxCompile Include="screen_pixel_shader.hlsl">
      <Filter>Shaders</Filter>
    </FxCompile>
    <FxCompile Include="screen_vertex_shader.hlsl">
      <Filter>Shaders</Filter>
    </FxCompile>
    <FxCompile Include="Shader_Test2.hlsl">
      <Filter>Shaders</Filter>
    </FxCompile>
  </ItemGroup>
</Project>